
Microsoft Visual Studio Solution File, Format Version 12.00
# Visual Studio Version 17
VisualStudioVersion = 17.14.36811.4
MinimumVisualStudioVersion = 10.0.40219.1
Project("{8BC9CEB8-8B4A-11D0-8D11-00A0C91BC942}") = "Runge-Kutta", "Runge-Kutta.vcxproj", "{80F1AC33-4C44-42AF-9CA3-48ECA3FBCA86}"
EndProject
Global
	GlobalSection(SolutionConfigurationPlatforms) = preSolution
		Debug|x86 = Debug|x86
		Release|x86 = Release|x86
	EndGlobalSection
	GlobalSection(ProjectConfigurationPlatforms) = postSolution
		{80F1AC33-4C44-42AF-9CA3-48ECA3FBCA86}.Debug|x86.ActiveCfg = Debug|Win32
		{80F1AC33-4C44-42AF-9CA3-48ECA3FBCA86}.Debug|x86.Build.0 = Debug|Win32
		{80F1AC33-4C44-42AF-9CA3-48ECA3FBCA86}.Release|x86.ActiveCfg = Release|Win32
		{80F1AC33-4C44-42AF-9CA3-48ECA3FBCA86}.Release|x86.Build.0 = Release|Win32
	EndGlobalSection
	GlobalSection(SolutionProperties) = preSolution
		HideSolutionNode = FALSE
	EndGlobalSection
EndGlobal
